
Microsoft Visual Studio Solution File, Format Version 12.00
# Visual Studio Version 16
VisualStudioVersion = 16.0.32802.440
MinimumVisualStudioVersion = 10.0.40219.1
Project("{8BC9CEB8-8B4A-11D0-8D11-00A0C91BC942}") = "MatrixTransposeCuda", "MatrixTransposeCuda.vcxproj", "{B0DB0EC7-284D-4E7E-9452-FAD823540827}"
EndProject
Global
	GlobalSection(SolutionConfigurationPlatforms) = preSolution
		Debug|x64 = Debug|x64
		Release|x64 = Release|x64
	EndGlobalSection
	GlobalSection(ProjectConfigurationPlatforms) = postSolution
		{B0DB0EC7-284D-4E7E-9452-FAD823540827}.Debug|x64.ActiveCfg = Debug|x64
		{B0DB0EC7-284D-4E7E-9452-FAD823540827}.Debug|x64.Build.0 = Debug|x64
		{B0DB0EC7-284D-4E7E-9452-FAD823540827}.Release|x64.ActiveCfg = Release|x64
		{B0DB0EC7-284D-4E7E-9452-FAD823540827}.Release|x64.Build.0 = Release|x64
	EndGlobalSection
	GlobalSection(SolutionProperties) = preSolution
		HideSolutionNode = FALSE
	EndGlobalSection
	GlobalSection(ExtensibilityGlobals) = postSolution
		SolutionGuid = {31AAE0E4-BB5F-44DA-88F2-F13C9DCA945C}
	EndGlobalSection
EndGlobal
