
Microsoft Visual Studio Solution File, Format Version 12.00
# Visual Studio Version 16
VisualStudioVersion = 16.0.32802.440
MinimumVisualStudioVersion = 10.0.40219.1
Project("{8BC9CEB8-8B4A-11D0-8D11-00A0C91BC942}") = "SquareWithCUDA", "SquareWithCUDA.vcxproj", "{7C7C3432-DBB5-42AC-9173-B61EBA2D795E}"
EndProject
Global
	GlobalSection(SolutionConfigurationPlatforms) = preSolution
		Debug|x64 = Debug|x64
		Release|x64 = Release|x64
	EndGlobalSection
	GlobalSection(ProjectConfigurationPlatforms) = postSolution
		{7C7C3432-DBB5-42AC-9173-B61EBA2D795E}.Debug|x64.ActiveCfg = Debug|x64
		{7C7C3432-DBB5-42AC-9173-B61EBA2D795E}.Debug|x64.Build.0 = Debug|x64
		{7C7C3432-DBB5-42AC-9173-B61EBA2D795E}.Release|x64.ActiveCfg = Release|x64
		{7C7C3432-DBB5-42AC-9173-B61EBA2D795E}.Release|x64.Build.0 = Release|x64
	EndGlobalSection
	GlobalSection(SolutionProperties) = preSolution
		HideSolutionNode = FALSE
	EndGlobalSection
	GlobalSection(ExtensibilityGlobals) = postSolution
		SolutionGuid = {362FADAF-BBA7-46C6-85D9-559AF45DBCC8}
	EndGlobalSection
EndGlobal
